
Microsoft Visual Studio Solution File, Format Version 12.00
# Visual Studio 15
VisualStudioVersion = 15.0.28010.2046
MinimumVisualStudioVersion = 10.0.40219.1
Project("{9A19103F-16F7-4668-BE54-9A1E7A4F7556}") = "PowerUp", "PowerUp\PowerUp.csproj", "{DAFE16AB-F41C-4C8B-AEF3-FBBC7E9779E3}"
EndProject
Project("{9A19103F-16F7-4668-BE54-9A1E7A4F7556}") = "PowerUp.Web", "PowerUp.Web\PowerUp.Web.csproj", "{6652E5A1-F1AD-4485-93C7-455F4AAD8C65}"
EndProject
Project("{2150E333-8FDC-42A3-9474-1A3956D46DE8}") = "Tests", "Tests", "{8B80DEF0-19DF-4FD1-A445-82355B4ED566}"
EndProject
Project("{9A19103F-16F7-4668-BE54-9A1E7A4F7556}") = "PowerUp.Tests", "PowerUp.Tests\PowerUp.Tests.csproj", "{B498ACA3-AFC3-477A-BB24-56ABB6E0F7A9}"
EndProject
Global
	GlobalSection(SolutionConfigurationPlatforms) = preSolution
		Debug|Any CPU = Debug|Any CPU
		Release|Any CPU = Release|Any CPU
	EndGlobalSection
	GlobalSection(ProjectConfigurationPlatforms) = postSolution
		{DAFE16AB-F41C-4C8B-AEF3-FBBC7E9779E3}.Debug|Any CPU.ActiveCfg = Debug|Any CPU
		{DAFE16AB-F41C-4C8B-AEF3-FBBC7E9779E3}.Debug|Any CPU.Build.0 = Debug|Any CPU
		{DAFE16AB-F41C-4C8B-AEF3-FBBC7E9779E3}.Release|Any CPU.ActiveCfg = Release|Any CPU
		{DAFE16AB-F41C-4C8B-AEF3-FBBC7E9779E3}.Release|Any CPU.Build.0 = Release|Any CPU
		{6652E5A1-F1AD-4485-93C7-455F4AAD8C65}.Debug|Any CPU.ActiveCfg = Debug|Any CPU
		{6652E5A1-F1AD-4485-93C7-455F4AAD8C65}.Debug|Any CPU.Build.0 = Debug|Any CPU
		{6652E5A1-F1AD-4485-93C7-455F4AAD8C65}.Release|Any CPU.ActiveCfg = Release|Any CPU
		{6652E5A1-F1AD-4485-93C7-455F4AAD8C65}.Release|Any CPU.Build.0 = Release|Any CPU
		{B498ACA3-AFC3-477A-BB24-56ABB6E0F7A9}.Debug|Any CPU.ActiveCfg = Debug|Any CPU
		{B498ACA3-AFC3-477A-BB24-56ABB6E0F7A9}.Debug|Any CPU.Build.0 = Debug|Any CPU
		{B498ACA3-AFC3-477A-BB24-56ABB6E0F7A9}.Release|Any CPU.ActiveCfg = Release|Any CPU
		{B498ACA3-AFC3-477A-BB24-56ABB6E0F7A9}.Release|Any CPU.Build.0 = Release|Any CPU
	EndGlobalSection
	GlobalSection(SolutionProperties) = preSolution
		HideSolutionNode = FALSE
	EndGlobalSection
	GlobalSection(NestedProjects) = preSolution
		{B498ACA3-AFC3-477A-BB24-56ABB6E0F7A9} = {8B80DEF0-19DF-4FD1-A445-82355B4ED566}
	EndGlobalSection
	GlobalSection(ExtensibilityGlobals) = postSolution
		SolutionGuid = {8F2FF234-1807-4C5F-88D5-D064DAE43E19}
	EndGlobalSection
EndGlobal
